{
    "name": "eslint-config-is2ei",
    "version": "0.1.9",
    "lockfileVersion": 1,
    "requires": true,
    "dependencies": {
        "eslint-plugin-eslint-plugin": {
            "version": "2.1.0",
            "resolved": "https://registry.npmjs.org/eslint-plugin-eslint-plugin/-/eslint-plugin-eslint-plugin-2.1.0.tgz",
            "integrity": "sha512-kT3A/ZJftt28gbl/Cv04qezb/NQ1dwYIbi8lyf806XMxkus7DvOVCLIfTXMrorp322Pnoez7+zabXH29tADIDg==",
            "dev": true
        }
    }
}
